
Microsoft Visual Studio Solution File, Format Version 12.00
# Visual Studio Version 17
VisualStudioVersion = 17.14.36811.4
MinimumVisualStudioVersion = 10.0.40219.1
Project("{2150E333-8FDC-42A3-9474-1A3956D46DE8}") = "tests", "tests", "{5EA47595-6DA3-4DEA-ACCB-5CC7E169F652}"
EndProject
Project("{FAE04EC0-301F-11D3-BF4B-00C04F79EFBC}") = "YTTrending.API", "src\YTTrending.API\YTTrending.API.csproj", "{F08E6C64-C8C2-4DF4-DB37-4443C2A56827}"
EndProject
Project("{2150E333-8FDC-42A3-9474-1A3956D46DE8}") = "src", "src", "{02EA681E-C7D8-13C7-8484-4AC65E1B71E8}"
EndProject
Project("{FAE04EC0-301F-11D3-BF4B-00C04F79EFBC}") = "YTTrending.Application", "src\YTTrending.Application\YTTrending.Application.csproj", "{277C7FBB-32E7-4536-362C-7D3532572830}"
EndProject
Project("{FAE04EC0-301F-11D3-BF4B-00C04F79EFBC}") = "YTTrending.Domain", "src\YTTrending.Domain\YTTrending.Domain.csproj", "{F80DE015-678A-3733-5355-CADA518CC91F}"
EndProject
Project("{FAE04EC0-301F-11D3-BF4B-00C04F79EFBC}") = "YTTrending.Infrastructure", "src\YTTrending.Infrastructure\YTTrending.Infrastructure.csproj", "{C4A29269-94C4-BBB0-4A6A-9095820ED818}"
EndProject
Global
	GlobalSection(SolutionConfigurationPlatforms) = preSolution
		Debug|Any CPU = Debug|Any CPU
		Release|Any CPU = Release|Any CPU
	EndGlobalSection
	GlobalSection(ProjectConfigurationPlatforms) = postSolution
		{F08E6C64-C8C2-4DF4-DB37-4443C2A56827}.Debug|Any CPU.ActiveCfg = Debug|Any CPU
		{F08E6C64-C8C2-4DF4-DB37-4443C2A56827}.Debug|Any CPU.Build.0 = Debug|Any CPU
		{F08E6C64-C8C2-4DF4-DB37-4443C2A56827}.Release|Any CPU.ActiveCfg = Release|Any CPU
		{F08E6C64-C8C2-4DF4-DB37-4443C2A56827}.Release|Any CPU.Build.0 = Release|Any CPU
		{277C7FBB-32E7-4536-362C-7D3532572830}.Debug|Any CPU.ActiveCfg = Debug|Any CPU
		{277C7FBB-32E7-4536-362C-7D3532572830}.Debug|Any CPU.Build.0 = Debug|Any CPU
		{277C7FBB-32E7-4536-362C-7D3532572830}.Release|Any CPU.ActiveCfg = Release|Any CPU
		{277C7FBB-32E7-4536-362C-7D3532572830}.Release|Any CPU.Build.0 = Release|Any CPU
		{F80DE015-678A-3733-5355-CADA518CC91F}.Debug|Any CPU.ActiveCfg = Debug|Any CPU
		{F80DE015-678A-3733-5355-CADA518CC91F}.Debug|Any CPU.Build.0 = Debug|Any CPU
		{F80DE015-678A-3733-5355-CADA518CC91F}.Release|Any CPU.ActiveCfg = Release|Any CPU
		{F80DE015-678A-3733-5355-CADA518CC91F}.Release|Any CPU.Build.0 = Release|Any CPU
		{C4A29269-94C4-BBB0-4A6A-9095820ED818}.Debug|Any CPU.ActiveCfg = Debug|Any CPU
		{C4A29269-94C4-BBB0-4A6A-9095820ED818}.Debug|Any CPU.Build.0 = Debug|Any CPU
		{C4A29269-94C4-BBB0-4A6A-9095820ED818}.Release|Any CPU.ActiveCfg = Release|Any CPU
		{C4A29269-94C4-BBB0-4A6A-9095820ED818}.Release|Any CPU.Build.0 = Release|Any CPU
	EndGlobalSection
	GlobalSection(SolutionProperties) = preSolution
		HideSolutionNode = FALSE
	EndGlobalSection
	GlobalSection(NestedProjects) = preSolution
		{F08E6C64-C8C2-4DF4-DB37-4443C2A56827} = {02EA681E-C7D8-13C7-8484-4AC65E1B71E8}
		{277C7FBB-32E7-4536-362C-7D3532572830} = {02EA681E-C7D8-13C7-8484-4AC65E1B71E8}
		{F80DE015-678A-3733-5355-CADA518CC91F} = {02EA681E-C7D8-13C7-8484-4AC65E1B71E8}
		{C4A29269-94C4-BBB0-4A6A-9095820ED818} = {02EA681E-C7D8-13C7-8484-4AC65E1B71E8}
	EndGlobalSection
	GlobalSection(ExtensibilityGlobals) = postSolution
		SolutionGuid = {1BF10789-DDD4-4869-90ED-6C91D3D5E7AC}
	EndGlobalSection
EndGlobal
